
Microsoft Visual Studio Solution File, Format Version 12.00
# Visual Studio Version 16
VisualStudioVersion = 16.0.30523.141
MinimumVisualStudioVersion = 10.0.40219.1
Project("{FAE04EC0-301F-11D3-BF4B-00C04F79EFBC}") = "WindowAdjuster", "WindowAdjuster.csproj", "{639A9CD0-726F-4B33-AEE1-C17B13BFA303}"
EndProject
Global
	GlobalSection(SolutionConfigurationPlatforms) = preSolution
		Debug|Any CPU = Debug|Any CPU
		Release|Any CPU = Release|Any CPU
	EndGlobalSection
	GlobalSection(ProjectConfigurationPlatforms) = postSolution
		{639A9CD0-726F-4B33-AEE1-C17B13BFA303}.Debug|Any CPU.ActiveCfg = Debug|Any CPU
		{639A9CD0-726F-4B33-AEE1-C17B13BFA303}.Debug|Any CPU.Build.0 = Debug|Any CPU
		{639A9CD0-726F-4B33-AEE1-C17B13BFA303}.Release|Any CPU.ActiveCfg = Release|Any CPU
		{639A9CD0-726F-4B33-AEE1-C17B13BFA303}.Release|Any CPU.Build.0 = Release|Any CPU
	EndGlobalSection
	GlobalSection(SolutionProperties) = preSolution
		HideSolutionNode = FALSE
	EndGlobalSection
	GlobalSection(ExtensibilityGlobals) = postSolution
		SolutionGuid = {21E96C4B-251F-4FDA-A55D-8AC6BE4BB777}
	EndGlobalSection
EndGlobal
